
Microsoft Visual Studio Solution File, Format Version 12.00
# Visual Studio 15
VisualStudioVersion = 15.0.28010.2046
MinimumVisualStudioVersion = 10.0.40219.1
Project("{FAE04EC0-301F-11D3-BF4B-00C04F79EFBC}") = "PolicyManagement", "PolicyManagement\PolicyManagement.csproj", "{55088628-6F41-47FB-8765-BF43BAA6C485}"
EndProject
Project("{FAE04EC0-301F-11D3-BF4B-00C04F79EFBC}") = "PolicyManagement.Tests", "PolicyManagement.Tests\PolicyManagement.Tests.csproj", "{F4F32843-20A5-422B-AE87-4E78C3713B95}"
EndProject
Project("{FAE04EC0-301F-11D3-BF4B-00C04F79EFBC}") = "PolicyManagement.Repository", "PolicyManagement.Repository\PolicyManagement.Repository.csproj", "{3E870832-8241-4444-847B-0534107A1EF3}"
EndProject
Project("{FAE04EC0-301F-11D3-BF4B-00C04F79EFBC}") = "PolicyManagement.Models", "PolicyManagement.Models\PolicyManagement.Models.csproj", "{F9549F79-62BE-452E-B2D1-73F5F9569A14}"
EndProject
Project("{FAE04EC0-301F-11D3-BF4B-00C04F79EFBC}") = "PolicyManagement.Services", "PolicyManagement.Services\PolicyManagement.Services.csproj", "{E87FBFAA-D0EF-4433-88F1-CB186469C601}"
EndProject
Project("{FAE04EC0-301F-11D3-BF4B-00C04F79EFBC}") = "PolicyManagement.Data", "PolicyManagement.Data\PolicyManagement.Data.csproj", "{4D35986E-B1AD-46B1-BB6C-4C00D82A9D51}"
EndProject
Project("{FAE04EC0-301F-11D3-BF4B-00C04F79EFBC}") = "PolicyManagement.Common", "PolicyManagement.Common\PolicyManagement.Common.csproj", "{EF5F175E-B716-4082-AC91-E73AA6194B88}"
EndProject
Global
	GlobalSection(SolutionConfigurationPlatforms) = preSolution
		Debug|Any CPU = Debug|Any CPU
		Release|Any CPU = Release|Any CPU
	EndGlobalSection
	GlobalSection(ProjectConfigurationPlatforms) = postSolution
		{55088628-6F41-47FB-8765-BF43BAA6C485}.Debug|Any CPU.ActiveCfg = Debug|Any CPU
		{55088628-6F41-47FB-8765-BF43BAA6C485}.Debug|Any CPU.Build.0 = Debug|Any CPU
		{55088628-6F41-47FB-8765-BF43BAA6C485}.Release|Any CPU.ActiveCfg = Release|Any CPU
		{55088628-6F41-47FB-8765-BF43BAA6C485}.Release|Any CPU.Build.0 = Release|Any CPU
		{F4F32843-20A5-422B-AE87-4E78C3713B95}.Debug|Any CPU.ActiveCfg = Debug|Any CPU
		{F4F32843-20A5-422B-AE87-4E78C3713B95}.Debug|Any CPU.Build.0 = Debug|Any CPU
		{F4F32843-20A5-422B-AE87-4E78C3713B95}.Release|Any CPU.ActiveCfg = Release|Any CPU
		{F4F32843-20A5-422B-AE87-4E78C3713B95}.Release|Any CPU.Build.0 = Release|Any CPU
		{3E870832-8241-4444-847B-0534107A1EF3}.Debug|Any CPU.ActiveCfg = Debug|Any CPU
		{3E870832-8241-4444-847B-0534107A1EF3}.Debug|Any CPU.Build.0 = Debug|Any CPU
		{3E870832-8241-4444-847B-0534107A1EF3}.Release|Any CPU.ActiveCfg = Release|Any CPU
		{3E870832-8241-4444-847B-0534107A1EF3}.Release|Any CPU.Build.0 = Release|Any CPU
		{F9549F79-62BE-452E-B2D1-73F5F9569A14}.Debug|Any CPU.ActiveCfg = Debug|Any CPU
		{F9549F79-62BE-452E-B2D1-73F5F9569A14}.Debug|Any CPU.Build.0 = Debug|Any CPU
		{F9549F79-62BE-452E-B2D1-73F5F9569A14}.Release|Any CPU.ActiveCfg = Release|Any CPU
		{F9549F79-62BE-452E-B2D1-73F5F9569A14}.Release|Any CPU.Build.0 = Release|Any CPU
		{E87FBFAA-D0EF-4433-88F1-CB186469C601}.Debug|Any CPU.ActiveCfg = Debug|Any CPU
		{E87FBFAA-D0EF-4433-88F1-CB186469C601}.Debug|Any CPU.Build.0 = Debug|Any CPU
		{E87FBFAA-D0EF-4433-88F1-CB186469C601}.Release|Any CPU.ActiveCfg = Release|Any CPU
		{E87FBFAA-D0EF-4433-88F1-CB186469C601}.Release|Any CPU.Build.0 = Release|Any CPU
		{4D35986E-B1AD-46B1-BB6C-4C00D82A9D51}.Debug|Any CPU.ActiveCfg = Debug|Any CPU
		{4D35986E-B1AD-46B1-BB6C-4C00D82A9D51}.Debug|Any CPU.Build.0 = Debug|Any CPU
		{4D35986E-B1AD-46B1-BB6C-4C00D82A9D51}.Release|Any CPU.ActiveCfg = Release|Any CPU
		{4D35986E-B1AD-46B1-BB6C-4C00D82A9D51}.Release|Any CPU.Build.0 = Release|Any CPU
		{EF5F175E-B716-4082-AC91-E73AA6194B88}.Debug|Any CPU.ActiveCfg = Debug|Any CPU
		{EF5F175E-B716-4082-AC91-E73AA6194B88}.Debug|Any CPU.Build.0 = Debug|Any CPU
		{EF5F175E-B716-4082-AC91-E73AA6194B88}.Release|Any CPU.ActiveCfg = Release|Any CPU
		{EF5F175E-B716-4082-AC91-E73AA6194B88}.Release|Any CPU.Build.0 = Release|Any CPU
	EndGlobalSection
	GlobalSection(SolutionProperties) = preSolution
		HideSolutionNode = FALSE
	EndGlobalSection
	GlobalSection(ExtensibilityGlobals) = postSolution
		SolutionGuid = {FFCA0228-FBAB-41D0-A6B1-DA0F33FA078A}
	EndGlobalSection
EndGlobal
